// !$*UTF8*$!
{
	archiveVersion = 1;
	classes = {
	};
	objectVersion = 50;
	objects = {

/* Begin PBXBuildFile section */
		D2320E6F202E4893006E2803 /* AppDelegate.swift in Sources */ = {isa = PBXBuildFile; fileRef = D2320E6E202E4893006E2803 /* AppDelegate.swift */; };
		D2320E71202E4893006E2803 /* CarViewController.swift in Sources */ = {isa = PBXBuildFile; fileRef = D2320E70202E4893006E2803 /* CarViewController.swift */; };
		D2320E74202E4893006E2803 /* Main.storyboard in Resources */ = {isa = PBXBuildFile; fileRef = D2320E72202E4893006E2803 /* Main.storyboard */; };
		D2320E79202E4893006E2803 /* LaunchScreen.storyboard in Resources */ = {isa = PBXBuildFile; fileRef = D2320E77202E4893006E2803 /* LaunchScreen.storyboard */; };
		D256634B203F973800AB6D05 /* CarGalleryTableViewController.swift in Sources */ = {isa = PBXBuildFile; fileRef = D256634A203F973800AB6D05 /* CarGalleryTableViewController.swift */; };
		D279633420AD4DC200C92E71 /* GoogleService-Info.plist in Resources */ = {isa = PBXBuildFile; fileRef = D279633320AD4DC200C92E71 /* GoogleService-Info.plist */; };
		F9525CE040F32C8EF750A219 /* Pods_CarGallery.framework in Frameworks */ = {isa = PBXBuildFile; fileRef = DEE833BE14FEA2B06C22DC33 /* Pods_CarGallery.framework */; };
/* End PBXBuildFile section */

/* Begin PBXFileReference section */
		2ED0CF27612B1B04E3618EE4 /* Pods-CarGallery.debug.xcconfig */ = {isa = PBXFileReference; includeInIndex = 1; lastKnownFileType = text.xcconfig; name = "Pods-CarGallery.debug.xcconfig"; path = "Pods/Target Support Files/Pods-CarGallery/Pods-CarGallery.debug.xcconfig"; sourceTree = "<group>"; };
		CB18E95D73BBB8EA2ACBF17E /* Pods-CarGallery.release.xcconfig */ = {isa = PBXFileReference; includeInIndex = 1; lastKnownFileType = text.xcconfig; name = "Pods-CarGallery.release.xcconfig"; path = "Pods/Target Support Files/Pods-CarGallery/Pods-CarGallery.release.xcconfig"; sourceTree = "<group>"; };
		D2320E6B202E4893006E2803 /* CarGallery.app */ = {isa = PBXFileReference; explicitFileType = wrapper.application; includeInIndex = 0; path = CarGallery.app; sourceTree = BUILT_PRODUCTS_DIR; };
		D2320E6E202E4893006E2803 /* AppDelegate.swift */ = {isa = PBXFileReference; lastKnownFileType = sourcecode.swift; path = AppDelegate.swift; sourceTree = "<group>"; };
		D2320E70202E4893006E2803 /* CarViewController.swift */ = {isa = PBXFileReference; lastKnownFileType = sourcecode.swift; path = CarViewController.swift; sourceTree = "<group>"; };
		D2320E73202E4893006E2803 /* Base */ = {isa = PBXFileReference; lastKnownFileType = file.storyboard; name = Base; path = Base.lproj/Main.storyboard; sourceTree = "<group>"; };
		D2320E78202E4893006E2803 /* Base */ = {isa = PBXFileReference; lastKnownFileType = file.storyboard; name = Base; path = Base.lproj/LaunchScreen.storyboard; sourceTree = "<group>"; };
		D2320E7A202E4893006E2803 /* Info.plist */ = {isa = PBXFileReference; lastKnownFileType = text.plist.xml; path = Info.plist; sourceTree = "<group>"; };
		D256634A203F973800AB6D05 /* CarGalleryTableViewController.swift */ = {isa = PBXFileReference; lastKnownFileType = sourcecode.swift; path = CarGalleryTableViewController.swift; sourceTree = "<group>"; };
		D279633320AD4DC200C92E71 /* GoogleService-Info.plist */ = {isa = PBXFileReference; fileEncoding = 4; lastKnownFileType = text.plist.xml; path = "GoogleService-Info.plist"; sourceTree = "<group>"; };
		DEE833BE14FEA2B06C22DC33 /* Pods_CarGallery.framework */ = {isa = PBXFileReference; explicitFileType = wrapper.framework; includeInIndex = 0; path = Pods_CarGallery.framework; sourceTree = BUILT_PRODUCTS_DIR; };
/* End PBXFileReference section */

/* Begin PBXFrameworksBuildPhase section */
		D2320E68202E4893006E2803 /* Frameworks */ = {
			isa = PBXFrameworksBuildPhase;
			buildActionMask = 2147483647;
			files = (
				F9525CE040F32C8EF750A219 /* Pods_CarGallery.framework in Frameworks */,
			);
			runOnlyForDeploymentPostprocessing = 0;
		};
/* End PBXFrameworksBuildPhase section */

/* Begin PBXGroup section */
		46F43754FC93D917A1304232 /* Frameworks */ = {
			isa = PBXGroup;
			children = (
				DEE833BE14FEA2B06C22DC33 /* Pods_CarGallery.framework */,
			);
			name = Frameworks;
			sourceTree = "<group>";
		};
		B7F8BAD3806AB569A25657DA /* Pods */ = {
			isa = PBXGroup;
			children = (
				2ED0CF27612B1B04E3618EE4 /* Pods-CarGallery.debug.xcconfig */,
				CB18E95D73BBB8EA2ACBF17E /* Pods-CarGallery.release.xcconfig */,
			);
			name = Pods;
			sourceTree = "<group>";
		};
		D2320E62202E4893006E2803 = {
			isa = PBXGroup;
			children = (
				D2320E6D202E4893006E2803 /* CarGallery */,
				D2320E6C202E4893006E2803 /* Products */,
				B7F8BAD3806AB569A25657DA /* Pods */,
				46F43754FC93D917A1304232 /* Frameworks */,
			);
			sourceTree = "<group>";
		};
		D2320E6C202E4893006E2803 /* Products */ = {
			isa = PBXGroup;
			children = (
				D2320E6B202E4893006E2803 /* CarGallery.app */,
			);
			name = Products;
			sourceTree = "<group>";
		};
		D2320E6D202E4893006E2803 /* CarGallery */ = {
			isa = PBXGroup;
			children = (
				D2320E6E202E4893006E2803 /* AppDelegate.swift */,
				D2320E70202E4893006E2803 /* CarViewController.swift */,
				D256634A203F973800AB6D05 /* CarGalleryTableViewController.swift */,
				D2320E72202E4893006E2803 /* Main.storyboard */,
				D2320E77202E4893006E2803 /* LaunchScreen.storyboard */,
				D2320E7A202E4893006E2803 /* Info.plist */,
				D279633320AD4DC200C92E71 /* GoogleService-Info.plist */,
			);
			path = CarGallery;
			sourceTree = "<group>";
		};
/* End PBXGroup section */

/* Begin PBXNativeTarget section */
		D2320E6A202E4893006E2803 /* CarGallery */ = {
			isa = PBXNativeTarget;
			buildConfigurationList = D2320E7D202E4893006E2803 /* Build configuration list for PBXNativeTarget "CarGallery" */;
			buildPhases = (
				841EFC5DBBEFDF3CC40F6164 /* [CP] Check Pods Manifest.lock */,
				D2320E67202E4893006E2803 /* Sources */,
				D2320E68202E4893006E2803 /* Frameworks */,
				D2320E69202E4893006E2803 /* Resources */,
				00E8D2E32590949CAD24C87F /* [CP] Embed Pods Frameworks */,
			);
			buildRules = (
			);
			dependencies = (
			);
			name = CarGallery;
			productName = CarGallery;
			productReference = D2320E6B202E4893006E2803 /* CarGallery.app */;
			productType = "com.apple.product-type.application";
		};
/* End PBXNativeTarget section */

/* Begin PBXProject section */
		D2320E63202E4893006E2803 /* Project object */ = {
			isa = PBXProject;
			attributes = {
				LastSwiftUpdateCheck = 0920;
				LastUpgradeCheck = 0930;
				ORGANIZATIONNAME = "Deniz Ozgur Erisgen";
				TargetAttributes = {
					D2320E6A202E4893006E2803 = {
						CreatedOnToolsVersion = 9.2;
						ProvisioningStyle = Automatic;
					};
				};
			};
			buildConfigurationList = D2320E66202E4893006E2803 /* Build configuration list for PBXProject "CarGallery" */;
			compatibilityVersion = "Xcode 9.3";
			developmentRegion = en;
			hasScannedForEncodings = 0;
			knownRegions = (
				en,
				Base,
			);
			mainGroup = D2320E62202E4893006E2803;
			productRefGroup = D2320E6C202E4893006E2803 /* Products */;
			projectDirPath = "";
			projectRoot = "";
			targets = (
				D2320E6A202E4893006E2803 /* CarGallery */,
			);
		};
/* End PBXProject section */

/* Begin PBXResourcesBuildPhase section */
		D2320E69202E4893006E2803 /* Resources */ = {
			isa = PBXResourcesBuildPhase;
			buildActionMask = 2147483647;
			files = (
				D2320E79202E4893006E2803 /* LaunchScreen.storyboard in Resources */,
				D279633420AD4DC200C92E71 /* GoogleService-Info.plist in Resources */,
				D2320E74202E4893006E2803 /* Main.storyboard in Resources */,
			);
			runOnlyForDeploymentPostprocessing = 0;
		};
/* End PBXResourcesBuildPhase section */

/* Begin PBXShellScriptBuildPhase section */
		00E8D2E32590949CAD24C87F /* [CP] Embed Pods Frameworks */ = {
			isa = PBXShellScriptBuildPhase;
			buildActionMask = 2147483647;
			files = (
			);
			inputPaths = (
				"${SRCROOT}/Pods/Target Support Files/Pods-CarGallery/Pods-CarGallery-frameworks.sh",
				"${BUILT_PRODUCTS_DIR}/GTMSessionFetcher/GTMSessionFetcher.framework",
				"${BUILT_PRODUCTS_DIR}/GoogleToolboxForMac/GoogleToolboxForMac.framework",
				"${BUILT_PRODUCTS_DIR}/leveldb-library/leveldb.framework",
				"${BUILT_PRODUCTS_DIR}/nanopb/nanopb.framework",
			);
			name = "[CP] Embed Pods Frameworks";
			outputPaths = (
				"${TARGET_BUILD_DIR}/${FRAMEWORKS_FOLDER_PATH}/GTMSessionFetcher.framework",
				"${TARGET_BUILD_DIR}/${FRAMEWORKS_FOLDER_PATH}/GoogleToolboxForMac.framework",
				"${TARGET_BUILD_DIR}/${FRAMEWORKS_FOLDER_PATH}/leveldb.framework",
				"${TARGET_BUILD_DIR}/${FRAMEWORKS_FOLDER_PATH}/nanopb.framework",
			);
			runOnlyForDeploymentPostprocessing = 0;
			shellPath = /bin/sh;
			shellScript = "\"${SRCROOT}/Pods/Target Support Files/Pods-CarGallery/Pods-CarGallery-frameworks.sh\"\n";
			showEnvVarsInLog = 0;
		};
		841EFC5DBBEFDF3CC40F6164 /* [CP] Check Pods Manifest.lock */ = {
			isa = PBXShellScriptBuildPhase;
			buildActionMask = 2147483647;
			files = (
			);
			inputPaths = (
				"${PODS_PODFILE_DIR_PATH}/Podfile.lock",
				"${PODS_ROOT}/Manifest.lock",
			);
			name = "[CP] Check Pods Manifest.lock";
			outputPaths = (
				"$(DERIVED_FILE_DIR)/Pods-CarGallery-checkManifestLockResult.txt",
			);
			runOnlyForDeploymentPostprocessing = 0;
			shellPath = /bin/sh;
			shellScript = "diff \"${PODS_PODFILE_DIR_PATH}/Podfile.lock\" \"${PODS_ROOT}/Manifest.lock\" > /dev/null\nif [ $? != 0 ] ; then\n    # print error to STDERR\n    echo \"error: The sandbox is not in sync with the Podfile.lock. Run 'pod install' or update your CocoaPods installation.\" >&2\n    exit 1\nfi\n# This output is used by Xcode 'outputs' to avoid re-running this script phase.\necho \"SUCCESS\" > \"${SCRIPT_OUTPUT_FILE_0}\"\n";
			showEnvVarsInLog = 0;
		};
/* End PBXShellScriptBuildPhase section */

/* Begin PBXSourcesBuildPhase section */
		D2320E67202E4893006E2803 /* Sources */ = {
			isa = PBXSourcesBuildPhase;
			buildActionMask = 2147483647;
			files = (
				D2320E71202E4893006E2803 /* CarViewController.swift in Sources */,
				D2320E6F202E4893006E2803 /* AppDelegate.swift in Sources */,
				D256634B203F973800AB6D05 /* CarGalleryTableViewController.swift in Sources */,
			);
			runOnlyForDeploymentPostprocessing = 0;
		};
/* End PBXSourcesBuildPhase section */

/* Begin PBXVariantGroup section */
		D2320E72202E4893006E2803 /* Main.storyboard */ = {
			isa = PBXVariantGroup;
			children = (
				D2320E73202E4893006E2803 /* Base */,
			);
			name = Main.storyboard;
			sourceTree = "<group>";
		};
		D2320E77202E4893006E2803 /* LaunchScreen.storyboard */ = {
			isa = PBXVariantGroup;
			children = (
				D2320E78202E4893006E2803 /* Base */,
			);
			name = LaunchScreen.storyboard;
			sourceTree = "<group>";
		};
/* End PBXVariantGroup section */

/* Begin XCBuildConfiguration section */
		D2320E7B202E4893006E2803 /* Debug */ = {
			isa = XCBuildConfiguration;
			buildSettings = {
				ALWAYS_SEARCH_USER_PATHS = NO;
				CLANG_ANALYZER_NONNULL = YES;
				CLANG_ANALYZER_NUMBER_OBJECT_CONVERSION = YES_AGGRESSIVE;
				CLANG_CXX_LANGUAGE_STANDARD = "gnu++14";
				CLANG_CXX_LIBRARY = "libc++";
				CLANG_ENABLE_MODULES = YES;
				CLANG_ENABLE_OBJC_ARC = YES;
				CLANG_WARN_BLOCK_CAPTURE_AUTORELEASING = YES;
				CLANG_WARN_BOOL_CONVERSION = YES;
				CLANG_WARN_COMMA = YES;
				CLANG_WARN_CONSTANT_CONVERSION = YES;
				CLANG_WARN_DEPRECATED_OBJC_IMPLEMENTATIONS = YES;
				CLANG_WARN_DIRECT_OBJC_ISA_USAGE = YES_ERROR;
				CLANG_WARN_DOCUMENTATION_COMMENTS = YES;
				CLANG_WARN_EMPTY_BODY = YES;
				CLANG_WARN_ENUM_CONVERSION = YES;
				CLANG_WARN_INFINITE_RECURSION = YES;
				CLANG_WARN_INT_CONVERSION = YES;
				CLANG_WARN_NON_LITERAL_NULL_CONVERSION = YES;
				CLANG_WARN_OBJC_IMPLICIT_RETAIN_SELF = YES;
				CLANG_WARN_OBJC_LITERAL_CONVERSION = YES;
				CLANG_WARN_OBJC_ROOT_CLASS = YES_ERROR;
				CLANG_WARN_RANGE_LOOP_ANALYSIS = YES;
				CLANG_WARN_STRICT_PROTOTYPES = YES;
				CLANG_WARN_SUSPICIOUS_MOVE = YES;
				CLANG_WARN_UNGUARDED_AVAILABILITY = YES_AGGRESSIVE;
				CLANG_WARN_UNREACHABLE_CODE = YES;
				CLANG_WARN__DUPLICATE_METHOD_MATCH = YES;
				CODE_SIGN_IDENTITY = "iPhone Developer";
				COPY_PHASE_STRIP = NO;
				DEBUG_INFORMATION_FORMAT = dwarf;
				ENABLE_STRICT_OBJC_MSGSEND = YES;
				ENABLE_TESTABILITY = YES;
				GCC_C_LANGUAGE_STANDARD = gnu11;
				GCC_DYNAMIC_NO_PIC = NO;
				GCC_NO_COMMON_BLOCKS = YES;
				GCC_OPTIMIZATION_LEVEL = 0;
				GCC_PREPROCESSOR_DEFINITIONS = (
					"DEBUG=1",
					"$(inherited)",
				);
				GCC_WARN_64_TO_32_BIT_CONVERSION = YES;
				GCC_WARN_ABOUT_RETURN_TYPE = YES_ERROR;
				GCC_WARN_UNDECLARED_SELECTOR = YES;
				GCC_WARN_UNINITIALIZED_AUTOS = YES_AGGRESSIVE;
				GCC_WARN_UNUSED_FUNCTION = YES;
				GCC_WARN_UNUSED_VARIABLE = YES;
				IPHONEOS_DEPLOYMENT_TARGET = 11.2;
				MTL_ENABLE_DEBUG_INFO = YES;
				ONLY_ACTIVE_ARCH = YES;
				SDKROOT = iphoneos;
				SWIFT_ACTIVE_COMPILATION_CONDITIONS = DEBUG;
				SWIFT_COMPILATION_MODE = singlefile;
				SWIFT_OPTIMIZATION_LEVEL = "-Onone";
				SWIFT_VERSION = 4.0;
			};
			name = Debug;
		};
		D2320E7C202E4893006E2803 /* Release */ = {
			isa = XCBuildConfiguration;
			buildSettings = {
				ALWAYS_SEARCH_USER_PATHS = NO;
				CLANG_ANALYZER_NONNULL = YES;
				CLANG_ANALYZER_NUMBER_OBJECT_CONVERSION = YES_AGGRESSIVE;
				CLANG_CXX_LANGUAGE_STANDARD = "gnu++14";
				CLANG_CXX_LIBRARY = "libc++";
				CLANG_ENABLE_MODULES = YES;
				CLANG_ENABLE_OBJC_ARC = YES;
				CLANG_WARN_BLOCK_CAPTURE_AUTORELEASING = YES;
				CLANG_WARN_BOOL_CONVERSION = YES;
				CLANG_WARN_COMMA = YES;
				CLANG_WARN_CONSTANT_CONVERSION = YES;
				CLANG_WARN_DEPRECATED_OBJC_IMPLEMENTATIONS = YES;
				CLANG_WARN_DIRECT_OBJC_ISA_USAGE = YES_ERROR;
				CLANG_WARN_DOCUMENTATION_COMMENTS = YES;
				CLANG_WARN_EMPTY_BODY = YES;
				CLANG_WARN_ENUM_CONVERSION = YES;
				CLANG_WARN_INFINITE_RECURSION = YES;
				CLANG_WARN_INT_CONVERSION = YES;
				CLANG_WARN_NON_LITERAL_NULL_CONVERSION = YES;
				CLANG_WARN_OBJC_IMPLICIT_RETAIN_SELF = YES;
				CLANG_WARN_OBJC_LITERAL_CONVERSION = YES;
				CLANG_WARN_OBJC_ROOT_CLASS = YES_ERROR;
				CLANG_WARN_RANGE_LOOP_ANALYSIS = YES;
				CLANG_WARN_STRICT_PROTOTYPES = YES;
				CLANG_WARN_SUSPICIOUS_MOVE = YES;
				CLANG_WARN_UNGUARDED_AVAILABILITY = YES_AGGRESSIVE;
				CLANG_WARN_UNREACHABLE_CODE = YES;
				CLANG_WARN__DUPLICATE_METHOD_MATCH = YES;
				CODE_SIGN_IDENTITY = "iPhone Developer";
				COPY_PHASE_STRIP = NO;
				DEBUG_INFORMATION_FORMAT = "dwarf-with-dsym";
				ENABLE_NS_ASSERTIONS = NO;
				ENABLE_STRICT_OBJC_MSGSEND = YES;
				GCC_C_LANGUAGE_STANDARD = gnu11;
				GCC_NO_COMMON_BLOCKS = YES;
				GCC_WARN_64_TO_32_BIT_CONVERSION = YES;
				GCC_WARN_ABOUT_RETURN_TYPE = YES_ERROR;
				GCC_WARN_UNDECLARED_SELECTOR = YES;
				GCC_WARN_UNINITIALIZED_AUTOS = YES_AGGRESSIVE;
				GCC_WARN_UNUSED_FUNCTION = YES;
				GCC_WARN_UNUSED_VARIABLE = YES;
				IPHONEOS_DEPLOYMENT_TARGET = 11.2;
				MTL_ENABLE_DEBUG_INFO = NO;
				SDKROOT = iphoneos;
				SWIFT_COMPILATION_MODE = wholemodule;
				SWIFT_OPTIMIZATION_LEVEL = "-O";
				SWIFT_VERSION = 4.0;
				VALIDATE_PRODUCT = YES;
			};
			name = Release;
		};
		D2320E7E202E4893006E2803 /* Debug */ = {
			isa = XCBuildConfiguration;
			baseConfigurationReference = 2ED0CF27612B1B04E3618EE4 /* Pods-CarGallery.debug.xcconfig */;
			buildSettings = {
				CODE_SIGN_STYLE = Automatic;
				DEVELOPMENT_TEAM = 9MYJC4XVQA;
				INFOPLIST_FILE = CarGallery/Info.plist;
				IPHONEOS_DEPLOYMENT_TARGET = 11.2;
				LD_RUNPATH_SEARCH_PATHS = (
					"$(inherited)",
					"@executable_path/Frameworks",
				);
				PRODUCT_BUNDLE_IDENTIFIER = "Deniz-Ozgur-Erisgen.CarGallery";
				PRODUCT_NAME = "$(TARGET_NAME)";
				SWIFT_VERSION = 4.0;
				TARGETED_DEVICE_FAMILY = "1,2";
			};
			name = Debug;
		};
		D2320E7F202E4893006E2803 /* Release */ = {
			isa = XCBuildConfiguration;
			baseConfigurationReference = CB18E95D73BBB8EA2ACBF17E /* Pods-CarGallery.release.xcconfig */;
			buildSettings = {
				CODE_SIGN_STYLE = Automatic;
				DEVELOPMENT_TEAM = 9MYJC4XVQA;
				INFOPLIST_FILE = CarGallery/Info.plist;
				IPHONEOS_DEPLOYMENT_TARGET = 11.2;
				LD_RUNPATH_SEARCH_PATHS = (
					"$(inherited)",
					"@executable_path/Frameworks",
				);
				PRODUCT_BUNDLE_IDENTIFIER = "Deniz-Ozgur-Erisgen.CarGallery";
				PRODUCT_NAME = "$(TARGET_NAME)";
				SWIFT_VERSION = 4.0;
				TARGETED_DEVICE_FAMILY = "1,2";
			};
			name = Release;
		};
/* End XCBuildConfiguration section */

/* Begin XCConfigurationList section */
		D2320E66202E4893006E2803 /* Build configuration list for PBXProject "CarGallery" */ = {
			isa = XCConfigurationList;
			buildConfigurations = (
				D2320E7B202E4893006E2803 /* Debug */,
				D2320E7C202E4893006E2803 /* Release */,
			);
			defaultConfigurationIsVisible = 0;
			defaultConfigurationName = Release;
		};
		D2320E7D202E4893006E2803 /* Build configuration list for PBXNativeTarget "CarGallery" */ = {
			isa = XCConfigurationList;
			buildConfigurations = (
				D2320E7E202E4893006E2803 /* Debug */,
				D2320E7F202E4893006E2803 /* Release */,
			);
			defaultConfigurationIsVisible = 0;
			defaultConfigurationName = Release;
		};
/* End XCConfigurationList section */
	};
	rootObject = D2320E63202E4893006E2803 /* Project object */;
}
